// !$*UTF8*$!
{
	archiveVersion = 1;
	classes = {
	};
	objectVersion = 77;
	objects = {

/* Begin PBXBuildFile section */
		01F2EEC89F4CF926D446618D /* LaunchScreen.storyboard in Resources */ = {isa = PBXBuildFile; fileRef = 49E9F46BAACB9DC170F47BEB /* LaunchScreen.storyboard */; };
		19F7C8719535055000DC9DCC /* SelectedExample.swift in Sources */ = {isa = PBXBuildFile; fileRef = 03E25D747B39B8B39EFFDA0F /* SelectedExample.swift */; };
		6969BD2A35F13F413008A03C /* AppDelegate.swift in Sources */ = {isa = PBXBuildFile; fileRef = E90DE64F06D03292BD3A483E /* AppDelegate.swift */; };
/* End PBXBuildFile section */

/* Begin PBXFileReference section */
		03E25D747B39B8B39EFFDA0F /* SelectedExample.swift */ = {isa = PBXFileReference; lastKnownFileType = sourcecode.swift; path = SelectedExample.swift; sourceTree = "<group>"; };
		0F42067157EB071F3B1DAE70 /* ExamplesBridge.h */ = {isa = PBXFileReference; lastKnownFileType = sourcecode.c.h; path = ExamplesBridge.h; sourceTree = "<group>"; };
		49E9F46BAACB9DC170F47BEB /* LaunchScreen.storyboard */ = {isa = PBXFileReference; lastKnownFileType = file.storyboard; path = LaunchScreen.storyboard; sourceTree = "<group>"; };
		E459427E704F58C666453CBE /* ExamplesHost.app */ = {isa = PBXFileReference; includeInIndex = 0; lastKnownFileType = wrapper.application; path = ExamplesHost.app; sourceTree = BUILT_PRODUCTS_DIR; };
		E90DE64F06D03292BD3A483E /* AppDelegate.swift */ = {isa = PBXFileReference; lastKnownFileType = sourcecode.swift; path = AppDelegate.swift; sourceTree = "<group>"; };
/* End PBXFileReference section */

/* Begin PBXGroup section */
		50AB1B7039793D8E41671CAA /* ExamplesHost */ = {
			isa = PBXGroup;
			children = (
				E90DE64F06D03292BD3A483E /* AppDelegate.swift */,
				0F42067157EB071F3B1DAE70 /* ExamplesBridge.h */,
				49E9F46BAACB9DC170F47BEB /* LaunchScreen.storyboard */,
				03E25D747B39B8B39EFFDA0F /* SelectedExample.swift */,
			);
			path = ExamplesHost;
			sourceTree = "<group>";
		};
		FCA14F235445D2DBF5D06795 /* Products */ = {
			isa = PBXGroup;
			children = (
				E459427E704F58C666453CBE /* ExamplesHost.app */,
			);
			name = Products;
			sourceTree = "<group>";
		};
		FE69F2D46D6C7689A02207CE = {
			isa = PBXGroup;
			children = (
				50AB1B7039793D8E41671CAA /* ExamplesHost */,
				FCA14F235445D2DBF5D06795 /* Products */,
			);
			sourceTree = "<group>";
		};
/* End PBXGroup section */

/* Begin PBXNativeTarget section */
		2163CAD3B16CDC9DE9F4779E /* ExamplesHost */ = {
			isa = PBXNativeTarget;
			buildConfigurationList = DDEED9EEA52239E4C368C28D /* Build configuration list for PBXNativeTarget "ExamplesHost" */;
			buildPhases = (
				0E9C52DED9CEF7FEC7F2B1D3 /* Build Rust bridge */,
				320E9E155B9F068D0F69C0A2 /* Sources */,
				3E8F39BD17F8909D7E00B1EF /* Resources */,
			);
			buildRules = (
			);
			dependencies = (
			);
			name = ExamplesHost;
			packageProductDependencies = (
			);
			productName = ExamplesHost;
			productReference = E459427E704F58C666453CBE /* ExamplesHost.app */;
			productType = "com.apple.product-type.application";
		};
/* End PBXNativeTarget section */

/* Begin PBXProject section */
		7751D6BC39F2486A4696B288 /* Project object */ = {
			isa = PBXProject;
			attributes = {
				BuildIndependentTargetsInParallel = YES;
				LastUpgradeCheck = 1430;
			};
			buildConfigurationList = 4711E5925E39331410ED369A /* Build configuration list for PBXProject "ExamplesHost" */;
			compatibilityVersion = "Xcode 14.0";
			developmentRegion = en;
			hasScannedForEncodings = 0;
			knownRegions = (
				Base,
				en,
			);
			mainGroup = FE69F2D46D6C7689A02207CE;
			minimizedProjectReferenceProxies = 1;
			preferredProjectObjectVersion = 77;
			projectDirPath = "";
			projectRoot = "";
			targets = (
				2163CAD3B16CDC9DE9F4779E /* ExamplesHost */,
			);
		};
/* End PBXProject section */

/* Begin PBXResourcesBuildPhase section */
		3E8F39BD17F8909D7E00B1EF /* Resources */ = {
			isa = PBXResourcesBuildPhase;
			buildActionMask = 2147483647;
			files = (
				01F2EEC89F4CF926D446618D /* LaunchScreen.storyboard in Resources */,
			);
			runOnlyForDeploymentPostprocessing = 0;
		};
/* End PBXResourcesBuildPhase section */

/* Begin PBXShellScriptBuildPhase section */
		0E9C52DED9CEF7FEC7F2B1D3 /* Build Rust bridge */ = {
			isa = PBXShellScriptBuildPhase;
			buildActionMask = 2147483647;
			files = (
			);
			inputFileListPaths = (
			);
			inputPaths = (
			);
			name = "Build Rust bridge";
			outputFileListPaths = (
			);
			outputPaths = (
			);
			runOnlyForDeploymentPostprocessing = 0;
			shellPath = /bin/sh;
			shellScript = "set -eu\nexport PATH=\"$HOME/.cargo/bin:/opt/homebrew/bin:/usr/local/bin:/usr/bin:/bin:/usr/sbin:/sbin\"\nCARGO_BIN=\"/Users/andreyzelenin/.cargo/bin/cargo\"\nif [ ! -x \"$CARGO_BIN\" ]; then\n  CARGO_BIN=\"$(command -v cargo)\"\nfi\ncd \"$SRCROOT/../..\"\n\"$CARGO_BIN\" build -p ios_examples_bridge --target aarch64-apple-ios-sim\n";
		};
/* End PBXShellScriptBuildPhase section */

/* Begin PBXSourcesBuildPhase section */
		320E9E155B9F068D0F69C0A2 /* Sources */ = {
			isa = PBXSourcesBuildPhase;
			buildActionMask = 2147483647;
			files = (
				6969BD2A35F13F413008A03C /* AppDelegate.swift in Sources */,
				19F7C8719535055000DC9DCC /* SelectedExample.swift in Sources */,
			);
			runOnlyForDeploymentPostprocessing = 0;
		};
/* End PBXSourcesBuildPhase section */

/* Begin XCBuildConfiguration section */
		1B15B35F8BAA7EBC6FF4EAE9 /* Release */ = {
			isa = XCBuildConfiguration;
			buildSettings = {
				ALWAYS_SEARCH_USER_PATHS = NO;
				CLANG_ANALYZER_NONNULL = YES;
				CLANG_ANALYZER_NUMBER_OBJECT_CONVERSION = YES_AGGRESSIVE;
				CLANG_CXX_LANGUAGE_STANDARD = "gnu++14";
				CLANG_CXX_LIBRARY = "libc++";
				CLANG_ENABLE_MODULES = YES;
				CLANG_ENABLE_OBJC_ARC = YES;
				CLANG_ENABLE_OBJC_WEAK = YES;
				CLANG_WARN_BLOCK_CAPTURE_AUTORELEASING = YES;
				CLANG_WARN_BOOL_CONVERSION = YES;
				CLANG_WARN_COMMA = YES;
				CLANG_WARN_CONSTANT_CONVERSION = YES;
				CLANG_WARN_DEPRECATED_OBJC_IMPLEMENTATIONS = YES;
				CLANG_WARN_DIRECT_OBJC_ISA_USAGE = YES_ERROR;
				CLANG_WARN_DOCUMENTATION_COMMENTS = YES;
				CLANG_WARN_EMPTY_BODY = YES;
				CLANG_WARN_ENUM_CONVERSION = YES;
				CLANG_WARN_INFINITE_RECURSION = YES;
				CLANG_WARN_INT_CONVERSION = YES;
				CLANG_WARN_NON_LITERAL_NULL_CONVERSION = YES;
				CLANG_WARN_OBJC_IMPLICIT_RETAIN_SELF = YES;
				CLANG_WARN_OBJC_LITERAL_CONVERSION = YES;
				CLANG_WARN_OBJC_ROOT_CLASS = YES_ERROR;
				CLANG_WARN_QUOTED_INCLUDE_IN_FRAMEWORK_HEADER = YES;
				CLANG_WARN_RANGE_LOOP_ANALYSIS = YES;
				CLANG_WARN_STRICT_PROTOTYPES = YES;
				CLANG_WARN_SUSPICIOUS_MOVE = YES;
				CLANG_WARN_UNGUARDED_AVAILABILITY = YES_AGGRESSIVE;
				CLANG_WARN_UNREACHABLE_CODE = YES;
				CLANG_WARN__DUPLICATE_METHOD_MATCH = YES;
				COPY_PHASE_STRIP = NO;
				DEBUG_INFORMATION_FORMAT = "dwarf-with-dsym";
				ENABLE_NS_ASSERTIONS = NO;
				ENABLE_STRICT_OBJC_MSGSEND = YES;
				GCC_C_LANGUAGE_STANDARD = gnu11;
				GCC_NO_COMMON_BLOCKS = YES;
				GCC_WARN_64_TO_32_BIT_CONVERSION = YES;
				GCC_WARN_ABOUT_RETURN_TYPE = YES_ERROR;
				GCC_WARN_UNDECLARED_SELECTOR = YES;
				GCC_WARN_UNINITIALIZED_AUTOS = YES_AGGRESSIVE;
				GCC_WARN_UNUSED_FUNCTION = YES;
				GCC_WARN_UNUSED_VARIABLE = YES;
				IPHONEOS_DEPLOYMENT_TARGET = 17.0;
				MTL_ENABLE_DEBUG_INFO = NO;
				MTL_FAST_MATH = YES;
				PRODUCT_NAME = "$(TARGET_NAME)";
				SDKROOT = iphoneos;
				SWIFT_COMPILATION_MODE = wholemodule;
				SWIFT_OPTIMIZATION_LEVEL = "-O";
				SWIFT_VERSION = 5.0;
			};
			name = Release;
		};
		A7638D3D754C78332A456EF7 /* Release */ = {
			isa = XCBuildConfiguration;
			buildSettings = {
				ASSETCATALOG_COMPILER_APPICON_NAME = AppIcon;
				CODE_SIGN_IDENTITY = "iPhone Developer";
				"EXCLUDED_ARCHS[sdk=iphonesimulator*]" = x86_64;
				INFOPLIST_FILE = ExamplesHost/Info.plist;
				LD_RUNPATH_SEARCH_PATHS = (
					"$(inherited)",
					"@executable_path/Frameworks",
				);
				LIBRARY_SEARCH_PATHS = (
					"$(inherited)",
					"$(SRCROOT)/../../target/aarch64-apple-ios-sim/debug",
				);
				OTHER_LDFLAGS = (
					"$(inherited)",
					"-lios_examples_bridge",
				);
				PRODUCT_BUNDLE_IDENTIFIER = dev.andreyzelenin.ExamplesHost;
				PRODUCT_NAME = ExamplesHost;
				SDKROOT = iphoneos;
				SWIFT_OBJC_BRIDGING_HEADER = ExamplesHost/ExamplesBridge.h;
				SWIFT_VERSION = 5.0;
				TARGETED_DEVICE_FAMILY = "1,2";
			};
			name = Release;
		};
		E56E8322671AEB87FDDF2ED1 /* Debug */ = {
			isa = XCBuildConfiguration;
			buildSettings = {
				ASSETCATALOG_COMPILER_APPICON_NAME = AppIcon;
				CODE_SIGN_IDENTITY = "iPhone Developer";
				"EXCLUDED_ARCHS[sdk=iphonesimulator*]" = x86_64;
				INFOPLIST_FILE = ExamplesHost/Info.plist;
				LD_RUNPATH_SEARCH_PATHS = (
					"$(inherited)",
					"@executable_path/Frameworks",
				);
				LIBRARY_SEARCH_PATHS = (
					"$(inherited)",
					"$(SRCROOT)/../../target/aarch64-apple-ios-sim/debug",
				);
				OTHER_LDFLAGS = (
					"$(inherited)",
					"-lios_examples_bridge",
				);
				PRODUCT_BUNDLE_IDENTIFIER = dev.andreyzelenin.ExamplesHost;
				PRODUCT_NAME = ExamplesHost;
				SDKROOT = iphoneos;
				SWIFT_OBJC_BRIDGING_HEADER = ExamplesHost/ExamplesBridge.h;
				SWIFT_VERSION = 5.0;
				TARGETED_DEVICE_FAMILY = "1,2";
			};
			name = Debug;
		};
		F1F9D1F275F31C05530BFADC /* Debug */ = {
			isa = XCBuildConfiguration;
			buildSettings = {
				ALWAYS_SEARCH_USER_PATHS = NO;
				CLANG_ANALYZER_NONNULL = YES;
				CLANG_ANALYZER_NUMBER_OBJECT_CONVERSION = YES_AGGRESSIVE;
				CLANG_CXX_LANGUAGE_STANDARD = "gnu++14";
				CLANG_CXX_LIBRARY = "libc++";
				CLANG_ENABLE_MODULES = YES;
				CLANG_ENABLE_OBJC_ARC = YES;
				CLANG_ENABLE_OBJC_WEAK = YES;
				CLANG_WARN_BLOCK_CAPTURE_AUTORELEASING = YES;
				CLANG_WARN_BOOL_CONVERSION = YES;
				CLANG_WARN_COMMA = YES;
				CLANG_WARN_CONSTANT_CONVERSION = YES;
				CLANG_WARN_DEPRECATED_OBJC_IMPLEMENTATIONS = YES;
				CLANG_WARN_DIRECT_OBJC_ISA_USAGE = YES_ERROR;
				CLANG_WARN_DOCUMENTATION_COMMENTS = YES;
				CLANG_WARN_EMPTY_BODY = YES;
				CLANG_WARN_ENUM_CONVERSION = YES;
				CLANG_WARN_INFINITE_RECURSION = YES;
				CLANG_WARN_INT_CONVERSION = YES;
				CLANG_WARN_NON_LITERAL_NULL_CONVERSION = YES;
				CLANG_WARN_OBJC_IMPLICIT_RETAIN_SELF = YES;
				CLANG_WARN_OBJC_LITERAL_CONVERSION = YES;
				CLANG_WARN_OBJC_ROOT_CLASS = YES_ERROR;
				CLANG_WARN_QUOTED_INCLUDE_IN_FRAMEWORK_HEADER = YES;
				CLANG_WARN_RANGE_LOOP_ANALYSIS = YES;
				CLANG_WARN_STRICT_PROTOTYPES = YES;
				CLANG_WARN_SUSPICIOUS_MOVE = YES;
				CLANG_WARN_UNGUARDED_AVAILABILITY = YES_AGGRESSIVE;
				CLANG_WARN_UNREACHABLE_CODE = YES;
				CLANG_WARN__DUPLICATE_METHOD_MATCH = YES;
				COPY_PHASE_STRIP = NO;
				DEBUG_INFORMATION_FORMAT = dwarf;
				ENABLE_STRICT_OBJC_MSGSEND = YES;
				ENABLE_TESTABILITY = YES;
				GCC_C_LANGUAGE_STANDARD = gnu11;
				GCC_DYNAMIC_NO_PIC = NO;
				GCC_NO_COMMON_BLOCKS = YES;
				GCC_OPTIMIZATION_LEVEL = 0;
				GCC_PREPROCESSOR_DEFINITIONS = (
					"$(inherited)",
					"DEBUG=1",
				);
				GCC_WARN_64_TO_32_BIT_CONVERSION = YES;
				GCC_WARN_ABOUT_RETURN_TYPE = YES_ERROR;
				GCC_WARN_UNDECLARED_SELECTOR = YES;
				GCC_WARN_UNINITIALIZED_AUTOS = YES_AGGRESSIVE;
				GCC_WARN_UNUSED_FUNCTION = YES;
				GCC_WARN_UNUSED_VARIABLE = YES;
				IPHONEOS_DEPLOYMENT_TARGET = 17.0;
				MTL_ENABLE_DEBUG_INFO = INCLUDE_SOURCE;
				MTL_FAST_MATH = YES;
				ONLY_ACTIVE_ARCH = YES;
				PRODUCT_NAME = "$(TARGET_NAME)";
				SDKROOT = iphoneos;
				SWIFT_ACTIVE_COMPILATION_CONDITIONS = DEBUG;
				SWIFT_OPTIMIZATION_LEVEL = "-Onone";
				SWIFT_VERSION = 5.0;
			};
			name = Debug;
		};
/* End XCBuildConfiguration section */

/* Begin XCConfigurationList section */
		4711E5925E39331410ED369A /* Build configuration list for PBXProject "ExamplesHost" */ = {
			isa = XCConfigurationList;
			buildConfigurations = (
				F1F9D1F275F31C05530BFADC /* Debug */,
				1B15B35F8BAA7EBC6FF4EAE9 /* Release */,
			);
			defaultConfigurationIsVisible = 0;
			defaultConfigurationName = Debug;
		};
		DDEED9EEA52239E4C368C28D /* Build configuration list for PBXNativeTarget "ExamplesHost" */ = {
			isa = XCConfigurationList;
			buildConfigurations = (
				E56E8322671AEB87FDDF2ED1 /* Debug */,
				A7638D3D754C78332A456EF7 /* Release */,
			);
			defaultConfigurationIsVisible = 0;
			defaultConfigurationName = Debug;
		};
/* End XCConfigurationList section */
	};
	rootObject = 7751D6BC39F2486A4696B288 /* Project object */;
}
